{
  "name": "fofa",
  "lockfileVersion": 3,
  "requires": true,
  "packages": {
    "": {
      "dependencies": {
        "web-vitals": "^5.2.0"
      }
    },
    "node_modules/web-vitals": {
      "version": "5.2.0",
      "resolved": "https://registry.npmjs.org/web-vitals/-/web-vitals-5.2.0.tgz",
      "integrity": "sha512-i2z98bEmaCqSDiHEDu+gHl/dmR4Q+TxFmG3/13KkMO+o8UxQzCqWaDRCiLgEa41nlO4VpXSI0ASa1xWmO9sBlA==",
      "license": "Apache-2.0"
    }
  }
}
